
Microsoft Visual Studio Solution File, Format Version 12.00
# Visual Studio Version 17
VisualStudioVersion = 17.8.34525.116
MinimumVisualStudioVersion = 10.0.40219.1
Project("{FAE04EC0-301F-11D3-BF4B-00C04F79EFBC}") = "SpeedyAir", "SpeedyAir\SpeedyAir.csproj", "{77FFE3B8-CE51-4128-9C2B-EAA75D5641E2}"
EndProject
Global
	GlobalSection(SolutionConfigurationPlatforms) = preSolution
		Debug|Any CPU = Debug|Any CPU
		Release|Any CPU = Release|Any CPU
	EndGlobalSection
	GlobalSection(ProjectConfigurationPlatforms) = postSolution
		{77FFE3B8-CE51-4128-9C2B-EAA75D5641E2}.Debug|Any CPU.ActiveCfg = Debug|Any CPU
		{77FFE3B8-CE51-4128-9C2B-EAA75D5641E2}.Debug|Any CPU.Build.0 = Debug|Any CPU
		{77FFE3B8-CE51-4128-9C2B-EAA75D5641E2}.Release|Any CPU.ActiveCfg = Release|Any CPU
		{77FFE3B8-CE51-4128-9C2B-EAA75D5641E2}.Release|Any CPU.Build.0 = Release|Any CPU
	EndGlobalSection
	GlobalSection(SolutionProperties) = preSolution
		HideSolutionNode = FALSE
	EndGlobalSection
	GlobalSection(ExtensibilityGlobals) = postSolution
		SolutionGuid = {94F974E4-9473-43F5-8A65-B108EB10AF34}
	EndGlobalSection
EndGlobal
